
Microsoft Visual Studio Solution File, Format Version 12.00
# Visual Studio Version 16
VisualStudioVersion = 16.0.30002.166
MinimumVisualStudioVersion = 10.0.40219.1
Project("{FAE04EC0-301F-11D3-BF4B-00C04F79EFBC}") = "Mvc", "Mvc\Mvc.csproj", "{34762875-74B7-493A-8125-86C4AF5399AA}"
EndProject
Global
	GlobalSection(SolutionConfigurationPlatforms) = preSolution
		Debug|Any CPU = Debug|Any CPU
		Release|Any CPU = Release|Any CPU
	EndGlobalSection
	GlobalSection(ProjectConfigurationPlatforms) = postSolution
		{34762875-74B7-493A-8125-86C4AF5399AA}.Debug|Any CPU.ActiveCfg = Debug|Any CPU
		{34762875-74B7-493A-8125-86C4AF5399AA}.Debug|Any CPU.Build.0 = Debug|Any CPU
		{34762875-74B7-493A-8125-86C4AF5399AA}.Release|Any CPU.ActiveCfg = Release|Any CPU
		{34762875-74B7-493A-8125-86C4AF5399AA}.Release|Any CPU.Build.0 = Release|Any CPU
	EndGlobalSection
	GlobalSection(SolutionProperties) = preSolution
		HideSolutionNode = FALSE
	EndGlobalSection
	GlobalSection(ExtensibilityGlobals) = postSolution
		SolutionGuid = {50C128C4-85EE-4346-B3F5-6E59D84A378E}
	EndGlobalSection
EndGlobal
